
Microsoft Visual Studio Solution File, Format Version 12.00
# Visual Studio 15
VisualStudioVersion = 15.0.27004.2009
MinimumVisualStudioVersion = 10.0.40219.1
Project("{FAE04EC0-301F-11D3-BF4B-00C04F79EFBC}") = "NeoContract1", "NeoContract1\NeoContract1.csproj", "{808F2B4B-0CDF-4748-A9E7-D3C3E0CE60D6}"
EndProject
Global
	GlobalSection(SolutionConfigurationPlatforms) = preSolution
		Debug|Any CPU = Debug|Any CPU
		Release|Any CPU = Release|Any CPU
	EndGlobalSection
	GlobalSection(ProjectConfigurationPlatforms) = postSolution
		{808F2B4B-0CDF-4748-A9E7-D3C3E0CE60D6}.Debug|Any CPU.ActiveCfg = Debug|Any CPU
		{808F2B4B-0CDF-4748-A9E7-D3C3E0CE60D6}.Debug|Any CPU.Build.0 = Debug|Any CPU
		{808F2B4B-0CDF-4748-A9E7-D3C3E0CE60D6}.Release|Any CPU.ActiveCfg = Release|Any CPU
		{808F2B4B-0CDF-4748-A9E7-D3C3E0CE60D6}.Release|Any CPU.Build.0 = Release|Any CPU
	EndGlobalSection
	GlobalSection(SolutionProperties) = preSolution
		HideSolutionNode = FALSE
	EndGlobalSection
	GlobalSection(ExtensibilityGlobals) = postSolution
		SolutionGuid = {58C5855D-BBE4-4B04-9061-291BEE846F3F}
	EndGlobalSection
EndGlobal
